
Microsoft Visual Studio Solution File, Format Version 12.00
# Visual Studio Version 17
VisualStudioVersion = 17.9.34723.18
MinimumVisualStudioVersion = 10.0.40219.1
Project("{FAE04EC0-301F-11D3-BF4B-00C04F79EFBC}") = "ThreadsVSTasks", "ThreadsVSTasks.csproj", "{F47E0F65-8F67-4E16-B383-80501F2383CA}"
EndProject
Global
	GlobalSection(SolutionConfigurationPlatforms) = preSolution
		Debug|Any CPU = Debug|Any CPU
		Release|Any CPU = Release|Any CPU
	EndGlobalSection
	GlobalSection(ProjectConfigurationPlatforms) = postSolution
		{F47E0F65-8F67-4E16-B383-80501F2383CA}.Debug|Any CPU.ActiveCfg = Debug|Any CPU
		{F47E0F65-8F67-4E16-B383-80501F2383CA}.Debug|Any CPU.Build.0 = Debug|Any CPU
		{F47E0F65-8F67-4E16-B383-80501F2383CA}.Release|Any CPU.ActiveCfg = Release|Any CPU
		{F47E0F65-8F67-4E16-B383-80501F2383CA}.Release|Any CPU.Build.0 = Release|Any CPU
	EndGlobalSection
	GlobalSection(SolutionProperties) = preSolution
		HideSolutionNode = FALSE
	EndGlobalSection
	GlobalSection(ExtensibilityGlobals) = postSolution
		SolutionGuid = {17979F1C-79A1-4A68-B13D-F3BED70BE581}
	EndGlobalSection
EndGlobal
